{
    "_readme": [
        "This file locks the dependencies of your project to a known state",
        "Read more about it at https://getcomposer.org/doc/01-basic-usage.md#composer-lock-the-lock-file",
        "This file is @generated automatically"
    ],
    "hash": "60543471bf16a7e812686ab4fdad6c44",
    "content-hash": "5eb45e873601fe87e16a40ade7e216ae",
    "packages": [
        {
            "name": "guzzlehttp/guzzle",
            "version": "dev-master",
            "source": {
                "type": "git",
                "url": "https://github.com/guzzle/guzzle.git",
                "reference": "0118099daf4afd2ab648efedf8790645315aa6c4"
            },
            "dist": {
                "type": "zip",
                "url": "https://api.github.com/repos/guzzle/guzzle/zipball/0118099daf4afd2ab648efedf8790645315aa6c4",
                "reference": "0118099daf4afd2ab648efedf8790645315aa6c4",
                "shasum": ""
            },
            "require": {
                "guzzlehttp/promises": "^1.0",
                "guzzlehttp/psr7": "^1.3.1",
                "php": ">=5.5"
            },
            "require-dev": {
                "ext-curl": "*",
                "phpunit/phpunit": "^4.0",
                "psr/log": "^1.0"
            },
            "type": "library",
            "extra": {
                "branch-alias": {
                    "dev-master": "6.2-dev"
                }
            },
            "autoload": {
                "files": [
                    "src/functions_include.php"
                ],
                "psr-4": {
                    "GuzzleHttp\\": "src/"
                }
            },
            "notification-url": "https://packagist.org/downloads/",
            "license": [
                "MIT"
            ],
            "authors": [
                {
                    "name": "Michael Dowling",
                    "email": "mtdowling@gmail.com",
                    "homepage": "https://github.com/mtdowling"
                }
            ],
            "description": "Guzzle is a PHP HTTP client library",
            "homepage": "http://guzzlephp.org/",
            "keywords": [
                "client",
                "curl",
                "framework",
                "http",
                "http client",
                "rest",
                "web service"
            ],
            "time": "2016-10-28 00:09:06"
        },
        {
            "name": "guzzlehttp/promises",
            "version": "1.2.0",
            "source": {
                "type": "git",
                "url": "https://github.com/guzzle/promises.git",
                "reference": "c10d860e2a9595f8883527fa0021c7da9e65f579"
            },
            "dist": {
                "type": "zip",
                "url": "https://api.github.com/repos/guzzle/promises/zipball/c10d860e2a9595f8883527fa0021c7da9e65f579",
                "reference": "c10d860e2a9595f8883527fa0021c7da9e65f579",
                "shasum": ""
            },
            "require": {
                "php": ">=5.5.0"
            },
            "require-dev": {
                "phpunit/phpunit": "~4.0"
            },
            "type": "library",
            "extra": {
                "branch-alias": {
                    "dev-master": "1.0-dev"
                }
            },
            "autoload": {
                "psr-4": {
                    "GuzzleHttp\\Promise\\": "src/"
                },
                "files": [
                    "src/functions_include.php"
                ]
            },
            "notification-url": "https://packagist.org/downloads/",
            "license": [
                "MIT"
            ],
            "authors": [
                {
                    "name": "Michael Dowling",
                    "email": "mtdowling@gmail.com",
                    "homepage": "https://github.com/mtdowling"
                }
            ],
            "description": "Guzzle promises library",
            "keywords": [
                "promise"
            ],
            "time": "2016-05-18 16:56:05"
        },
        {
            "name": "guzzlehttp/psr7",
            "version": "dev-master",
            "source": {
                "type": "git",
                "url": "https://github.com/guzzle/psr7.git",
                "reference": "64862e854f876bc5aee2996cab2f552db8586065"
            },
            "dist": {
                "type": "zip",
                "url": "https://api.github.com/repos/guzzle/psr7/zipball/64862e854f876bc5aee2996cab2f552db8586065",
                "reference": "64862e854f876bc5aee2996cab2f552db8586065",
                "shasum": ""
            },
            "require": {
                "php": ">=5.4.0",
                "psr/http-message": "~1.0"
            },
            "provide": {
                "psr/http-message-implementation": "1.0"
            },
            "require-dev": {
                "phpunit/phpunit": "~4.0"
            },
            "type": "library",
            "extra": {
                "branch-alias": {
                    "dev-master": "1.4-dev"
                }
            },
            "autoload": {
                "psr-4": {
                    "GuzzleHttp\\Psr7\\": "src/"
                },
                "files": [
                    "src/functions_include.php"
                ]
            },
            "notification-url": "https://packagist.org/downloads/",
            "license": [
                "MIT"
            ],
            "authors": [
                {
                    "name": "Michael Dowling",
                    "email": "mtdowling@gmail.com",
                    "homepage": "https://github.com/mtdowling"
                },
                {
                    "name": "Tobias Schultze",
                    "homepage": "https://github.com/Tobion"
                }
            ],
            "description": "PSR-7 message implementation that also provides common utility methods",
            "keywords": [
                "http",
                "message",
                "request",
                "response",
                "stream",
                "uri",
                "url"
            ],
            "time": "2016-08-03 09:33:34"
        },
        {
            "name": "monolog/monolog",
            "version": "1.x-dev",
            "source": {
                "type": "git",
                "url": "https://github.com/Seldaek/monolog.git",
                "reference": "214b8ef34b17ed0fcd3a5e027ef5a9ae9ebeb193"
            },
            "dist": {
                "type": "zip",
                "url": "https://api.github.com/repos/Seldaek/monolog/zipball/214b8ef34b17ed0fcd3a5e027ef5a9ae9ebeb193",
                "reference": "214b8ef34b17ed0fcd3a5e027ef5a9ae9ebeb193",
                "shasum": ""
            },
            "require": {
                "php": ">=5.3.0",
                "psr/log": "~1.0"
            },
            "provide": {
                "psr/log-implementation": "1.0.0"
            },
            "require-dev": {
                "aws/aws-sdk-php": "^2.4.9 || ^3.0",
                "doctrine/couchdb": "~1.0@dev",
                "graylog2/gelf-php": "~1.0",
                "jakub-onderka/php-parallel-lint": "0.9",
                "php-amqplib/php-amqplib": "~2.4",
                "php-console/php-console": "^3.1.3",
                "phpunit/phpunit": "~4.5",
                "phpunit/phpunit-mock-objects": "2.3.0",
                "ruflin/elastica": ">=0.90 <3.0",
                "sentry/sentry": "^0.13",
                "swiftmailer/swiftmailer": "~5.3"
            },
            "suggest": {
                "aws/aws-sdk-php": "Allow sending log messages to AWS services like DynamoDB",
                "doctrine/couchdb": "Allow sending log messages to a CouchDB server",
                "ext-amqp": "Allow sending log messages to an AMQP server (1.0+ required)",
                "ext-mongo": "Allow sending log messages to a MongoDB server",
                "graylog2/gelf-php": "Allow sending log messages to a GrayLog2 server",
                "mongodb/mongodb": "Allow sending log messages to a MongoDB server via PHP Driver",
                "php-amqplib/php-amqplib": "Allow sending log messages to an AMQP server using php-amqplib",
                "php-console/php-console": "Allow sending log messages to Google Chrome",
                "rollbar/rollbar": "Allow sending log messages to Rollbar",
                "ruflin/elastica": "Allow sending log messages to an Elastic Search server",
                "sentry/sentry": "Allow sending log messages to a Sentry server"
            },
            "type": "library",
            "extra": {
                "branch-alias": {
                    "dev-master": "2.0.x-dev"
                }
            },
            "autoload": {
                "psr-4": {
                    "Monolog\\": "src/Monolog"
                }
            },
            "notification-url": "https://packagist.org/downloads/",
            "license": [
                "MIT"
            ],
            "authors": [
                {
                    "name": "Jordi Boggiano",
                    "email": "j.boggiano@seld.be",
                    "homepage": "http://seld.be"
                }
            ],
            "description": "Sends your logs to files, sockets, inboxes, databases and various web services",
            "homepage": "http://github.com/Seldaek/monolog",
            "keywords": [
                "log",
                "logging",
                "psr-3"
            ],
            "time": "2016-10-03 18:31:30"
        },
        {
            "name": "pimple/pimple",
            "version": "v3.0.2",
            "source": {
                "type": "git",
                "url": "https://github.com/silexphp/Pimple.git",
                "reference": "a30f7d6e57565a2e1a316e1baf2a483f788b258a"
            },
            "dist": {
                "type": "zip",
                "url": "https://api.github.com/repos/silexphp/Pimple/zipball/a30f7d6e57565a2e1a316e1baf2a483f788b258a",
                "reference": "a30f7d6e57565a2e1a316e1baf2a483f788b258a",
                "shasum": ""
            },
            "require": {
                "php": ">=5.3.0"
            },
            "type": "library",
            "extra": {
                "branch-alias": {
                    "dev-master": "3.0.x-dev"
                }
            },
            "autoload": {
                "psr-0": {
                    "Pimple": "src/"
                }
            },
            "notification-url": "https://packagist.org/downloads/",
            "license": [
                "MIT"
            ],
            "authors": [
                {
                    "name": "Fabien Potencier",
                    "email": "fabien@symfony.com"
                }
            ],
            "description": "Pimple, a simple Dependency Injection Container",
            "homepage": "http://pimple.sensiolabs.org",
            "keywords": [
                "container",
                "dependency injection"
            ],
            "time": "2015-09-11 15:10:35"
        },
        {
            "name": "psr/http-message",
            "version": "dev-master",
            "source": {
                "type": "git",
                "url": "https://github.com/php-fig/http-message.git",
                "reference": "f6561bf28d520154e4b0ec72be95418abe6d9363"
            },
            "dist": {
                "type": "zip",
                "url": "https://api.github.com/repos/php-fig/http-message/zipball/f6561bf28d520154e4b0ec72be95418abe6d9363",
                "reference": "f6561bf28d520154e4b0ec72be95418abe6d9363",
                "shasum": ""
            },
            "require": {
                "php": ">=5.3.0"
            },
            "type": "library",
            "extra": {
                "branch-alias": {
                    "dev-master": "1.0.x-dev"
                }
            },
            "autoload": {
                "psr-4": {
                    "Psr\\Http\\Message\\": "src/"
                }
            },
            "notification-url": "https://packagist.org/downloads/",
            "license": [
                "MIT"
            ],
            "authors": [
                {
                    "name": "PHP-FIG",
                    "homepage": "http://www.php-fig.org/"
                }
            ],
            "description": "Common interface for HTTP messages",
            "homepage": "https://github.com/php-fig/http-message",
            "keywords": [
                "http",
                "http-message",
                "psr",
                "psr-7",
                "request",
                "response"
            ],
            "time": "2016-08-06 14:39:51"
        },
        {
            "name": "psr/log",
            "version": "dev-master",
            "source": {
                "type": "git",
                "url": "https://github.com/php-fig/log.git",
                "reference": "4ebe3a8bf773a19edfe0a84b6585ba3d401b724d"
            },
            "dist": {
                "type": "zip",
                "url": "https://api.github.com/repos/php-fig/log/zipball/4ebe3a8bf773a19edfe0a84b6585ba3d401b724d",
                "reference": "4ebe3a8bf773a19edfe0a84b6585ba3d401b724d",
                "shasum": ""
            },
            "require": {
                "php": ">=5.3.0"
            },
            "type": "library",
            "extra": {
                "branch-alias": {
                    "dev-master": "1.0.x-dev"
                }
            },
            "autoload": {
                "psr-4": {
                    "Psr\\Log\\": "Psr/Log/"
                }
            },
            "notification-url": "https://packagist.org/downloads/",
            "license": [
                "MIT"
            ],
            "authors": [
                {
                    "name": "PHP-FIG",
                    "homepage": "http://www.php-fig.org/"
                }
            ],
            "description": "Common interface for logging libraries",
            "homepage": "https://github.com/php-fig/log",
            "keywords": [
                "log",
                "psr",
                "psr-3"
            ],
            "time": "2016-10-10 12:19:37"
        },
        {
            "name": "slaxweb/bootstrap",
            "version": "dev-develop",
            "source": {
                "type": "git",
                "url": "https://github.com/SlaxWeb/Bootstrap.git",
                "reference": "fc011b88bba8b018f34c773a8988621c24b41ebb"
            },
            "dist": {
                "type": "zip",
                "url": "https://api.github.com/repos/SlaxWeb/Bootstrap/zipball/fc011b88bba8b018f34c773a8988621c24b41ebb",
                "reference": "fc011b88bba8b018f34c773a8988621c24b41ebb",
                "shasum": ""
            },
            "require": {
                "php": ">=7.0.0",
                "pimple/pimple": "3.0.2",
                "slaxweb/config": "0.2.*@dev",
                "slaxweb/hooks": "0.5.*@dev",
                "slaxweb/logger": "0.3.*@dev",
                "slaxweb/router": "0.4.*@dev"
            },
            "require-dev": {
                "behat/gherkin": "~4.4",
                "codeception/codeception": "~2.2",
                "codeception/specify": "*",
                "phpunit/phpunit": "~5.4"
            },
            "type": "library",
            "extra": {
                "branch-alias": {
                    "dev-develop": "0.4.x-dev"
                }
            },
            "autoload": {
                "psr-4": {
                    "SlaxWeb\\Bootstrap\\": "src",
                    "SlaxWeb\\Bootstrap\\Tests\\Unit\\": "tests/unit",
                    "SlaxWeb\\Bootstrap\\Tests\\Helper\\": "tests/_support/Helper"
                }
            },
            "notification-url": "https://packagist.org/downloads/",
            "license": [
                "MIT"
            ],
            "authors": [
                {
                    "name": "Tomaz Lovrec",
                    "email": "tomaz.lovrec@gmail.com"
                }
            ],
            "description": "Bootstrap for SlaxWeb Framework",
            "time": "2016-10-30 10:55:21"
        },
        {
            "name": "slaxweb/config",
            "version": "dev-develop",
            "source": {
                "type": "git",
                "url": "https://github.com/SlaxWeb/Config.git",
                "reference": "b52cadab58863c5bf3a9e3eed6fb6ceefe28ea9f"
            },
            "dist": {
                "type": "zip",
                "url": "https://api.github.com/repos/SlaxWeb/Config/zipball/b52cadab58863c5bf3a9e3eed6fb6ceefe28ea9f",
                "reference": "b52cadab58863c5bf3a9e3eed6fb6ceefe28ea9f",
                "shasum": ""
            },
            "require": {
                "php": ">=7.0.0"
            },
            "require-dev": {
                "behat/gherkin": "~4.4",
                "codeception/codeception": "dev-master",
                "desperado/xml-bundle": "~0.1"
            },
            "suggest": {
                "desperado/xml-bundle": "If you would like to use XML config files, you have to install desperado/xml-bundle package, version 0.1.x",
                "pimple/pimple": "Make use of available providers for Pimple version 3.0.x",
                "symfony/yaml": "If you would like to use YAML config files, you have to install symfony/yaml package, version 3.0.x"
            },
            "type": "library",
            "extra": {
                "branch-alias": {
                    "dev-develop": "0.2.x-dev"
                }
            },
            "autoload": {
                "psr-4": {
                    "SlaxWeb\\Config\\": "src/"
                }
            },
            "notification-url": "https://packagist.org/downloads/",
            "license": [
                "MIT"
            ],
            "authors": [
                {
                    "name": "Tomaz Lovrec",
                    "email": "tomaz.lovrec@gmail.com"
                }
            ],
            "description": "Config component for the SlaxWeb Framework",
            "time": "2016-04-07 07:01:12"
        },
        {
            "name": "slaxweb/exception",
            "version": "dev-develop",
            "source": {
                "type": "git",
                "url": "https://github.com/SlaxWeb/Exception.git",
                "reference": "1175a665203cd1a30a63d3c120c2ca0136d6277c"
            },
            "dist": {
                "type": "zip",
                "url": "https://api.github.com/repos/SlaxWeb/Exception/zipball/1175a665203cd1a30a63d3c120c2ca0136d6277c",
                "reference": "1175a665203cd1a30a63d3c120c2ca0136d6277c",
                "shasum": ""
            },
            "require": {
                "php": ">=7.0.0"
            },
            "suggest": {
                "pimple/pimple": "Make use of available providers for Pimple version 3.0.x"
            },
            "type": "library",
            "extra": {
                "branch-alias": {
                    "dev-develop": "0.1.x-dev"
                }
            },
            "autoload": {
                "psr-4": {
                    "SlaxWeb\\Exception\\": "src/"
                }
            },
            "notification-url": "https://packagist.org/downloads/",
            "license": [
                "MIT"
            ],
            "authors": [
                {
                    "name": "Tomaz Lovrec",
                    "email": "tomaz.lovrec@gmail.com"
                }
            ],
            "description": "Exception collection for SlaxWeb Framework",
            "time": "2016-03-26 12:11:01"
        },
        {
            "name": "slaxweb/getset",
            "version": "dev-develop",
            "source": {
                "type": "git",
                "url": "https://github.com/SlaxWeb/GetSet.git",
                "reference": "95acbe314eade34edb85988d1b39e9759d208e69"
            },
            "dist": {
                "type": "zip",
                "url": "https://api.github.com/repos/SlaxWeb/GetSet/zipball/95acbe314eade34edb85988d1b39e9759d208e69",
                "reference": "95acbe314eade34edb85988d1b39e9759d208e69",
                "shasum": ""
            },
            "require": {
                "php": ">=7.0.0",
                "slaxweb/exception": "0.1.*@dev"
            },
            "type": "library",
            "extra": {
                "branch-alias": {
                    "dev-develop": "0.1.x-dev"
                }
            },
            "autoload": {
                "psr-4": {
                    "SlaxWeb\\GetSet\\": "src/"
                }
            },
            "notification-url": "https://packagist.org/downloads/",
            "license": [
                "MIT"
            ],
            "authors": [
                {
                    "name": "Tomaz Lovrec",
                    "email": "tomaz.lovrec@gmail.com"
                }
            ],
            "description": "Getter and Setter traits for SlaxWeb Framework",
            "time": "2016-04-22 19:37:58"
        },
        {
            "name": "slaxweb/hooks",
            "version": "dev-develop",
            "source": {
                "type": "git",
                "url": "https://github.com/SlaxWeb/Hooks.git",
                "reference": "4aafc1cc4f8af133a81ad6e1da15afb59d0d9fa4"
            },
            "dist": {
                "type": "zip",
                "url": "https://api.github.com/repos/SlaxWeb/Hooks/zipball/4aafc1cc4f8af133a81ad6e1da15afb59d0d9fa4",
                "reference": "4aafc1cc4f8af133a81ad6e1da15afb59d0d9fa4",
                "shasum": ""
            },
            "require": {
                "php": ">=7.0.0",
                "slaxweb/getset": "0.1.*@dev",
                "slaxweb/logger": "~0.2"
            },
            "require-dev": {
                "behat/gherkin": "~4.4",
                "codeception/codeception": "dev-master"
            },
            "suggest": {
                "pimple/pimple": "Make use of available providers for Pimple version 3.0.x"
            },
            "type": "library",
            "extra": {
                "branch-alias": {
                    "dev-develop": "0.5.x-dev"
                }
            },
            "autoload": {
                "psr-4": {
                    "SlaxWeb\\Hooks\\": "src/",
                    "SlaxWeb\\Hooks\\Tests\\Unit\\": "tests/unit/"
                }
            },
            "notification-url": "https://packagist.org/downloads/",
            "license": [
                "MIT"
            ],
            "authors": [
                {
                    "name": "Tomaz Lovrec",
                    "email": "tomaz.lovrec@gmail.com"
                }
            ],
            "description": "Hooks library for SlaxWeb Framework",
            "time": "2016-10-30 10:51:28"
        },
        {
            "name": "slaxweb/logger",
            "version": "dev-develop",
            "source": {
                "type": "git",
                "url": "https://github.com/SlaxWeb/Logger.git",
                "reference": "1fcd06f677163c65f126bc1310ce5483d8173733"
            },
            "dist": {
                "type": "zip",
                "url": "https://api.github.com/repos/SlaxWeb/Logger/zipball/1fcd06f677163c65f126bc1310ce5483d8173733",
                "reference": "1fcd06f677163c65f126bc1310ce5483d8173733",
                "shasum": ""
            },
            "require": {
                "monolog/monolog": "~1.17",
                "php": ">=7.0.0"
            },
            "suggest": {
                "pimple/pimple": "Make use of available providers for Pimple version 3.0.x",
                "slaxweb/config": "If you want to use the Factory or the Service Provider,  Config@0.2.x component is required."
            },
            "type": "library",
            "extra": {
                "branch-alias": {
                    "dev-develop": "0.3.x-dev"
                }
            },
            "autoload": {
                "psr-4": {
                    "SlaxWeb\\Logger\\": "src/"
                }
            },
            "notification-url": "https://packagist.org/downloads/",
            "license": [
                "MIT"
            ],
            "authors": [
                {
                    "name": "Tomaz Lovrec",
                    "email": "tomaz.lovrec@gmail.com"
                }
            ],
            "description": "Logger component for SlaxWeb Framework",
            "time": "2016-03-30 14:17:30"
        },
        {
            "name": "slaxweb/router",
            "version": "dev-develop",
            "source": {
                "type": "git",
                "url": "https://github.com/SlaxWeb/Router.git",
                "reference": "14db0094a872fdac58fe5423c025159b3712b727"
            },
            "dist": {
                "type": "zip",
                "url": "https://api.github.com/repos/SlaxWeb/Router/zipball/14db0094a872fdac58fe5423c025159b3712b727",
                "reference": "14db0094a872fdac58fe5423c025159b3712b727",
                "shasum": ""
            },
            "require": {
                "php": ">=7.0.0",
                "slaxweb/config": "0.2.*@dev",
                "slaxweb/getset": "0.1.*@dev",
                "slaxweb/hooks": "0.5.*@dev",
                "slaxweb/logger": "0.3.*@dev",
                "symfony/http-foundation": "~3.0"
            },
            "require-dev": {
                "behat/gherkin": "~4.4",
                "codeception/codeception": "~2.2",
                "codeception/specify": "*",
                "phpunit/phpunit": "~5.4"
            },
            "suggest": {
                "pimple/pimple": "Make use of available providers for Pimple version 3.0.x"
            },
            "type": "library",
            "extra": {
                "branch-alias": {
                    "dev-develop": "0.4.x-dev"
                }
            },
            "autoload": {
                "psr-4": {
                    "SlaxWeb\\Router\\": "src/",
                    "SlaxWeb\\Router\\Tests\\Unit\\": "tests/unit/"
                }
            },
            "notification-url": "https://packagist.org/downloads/",
            "license": [
                "MIT"
            ],
            "authors": [
                {
                    "name": "Tomaz Lovrec",
                    "email": "tomaz.lovrec@gmail.com"
                }
            ],
            "description": "Router component for the SlaxWeb/Framework",
            "time": "2016-10-30 09:55:04"
        },
        {
            "name": "slaxweb/slaxer",
            "version": "dev-develop",
            "source": {
                "type": "git",
                "url": "https://github.com/SlaxWeb/Slaxer.git",
                "reference": "f8e18d470a80564ea69a0b362c2dddfa9bcca7bb"
            },
            "dist": {
                "type": "zip",
                "url": "https://api.github.com/repos/SlaxWeb/Slaxer/zipball/f8e18d470a80564ea69a0b362c2dddfa9bcca7bb",
                "reference": "f8e18d470a80564ea69a0b362c2dddfa9bcca7bb",
                "shasum": ""
            },
            "require": {
                "ext-curl": "*",
                "guzzlehttp/guzzle": "~6.2",
                "php": ">=7.0.0",
                "symfony/console": "~3.0"
            },
            "suggest": {
                "pimple/pimple": "Make use of available providers for Pimple version 3.0.x"
            },
            "type": "library",
            "extra": {
                "branch-alias": {
                    "dev-develop": "0.1.x-dev"
                }
            },
            "autoload": {
                "psr-4": {
                    "SlaxWeb\\Slaxer\\": "src/"
                }
            },
            "notification-url": "https://packagist.org/downloads/",
            "license": [
                "MIT"
            ],
            "authors": [
                {
                    "name": "Tomaz Lovrec",
                    "email": "tomaz.lovrec@gmail.com"
                }
            ],
            "description": "Slaxer Command Line Tool for SlaxWeb Framework",
            "time": "2016-10-28 07:12:17"
        },
        {
            "name": "symfony/console",
            "version": "dev-master",
            "source": {
                "type": "git",
                "url": "https://github.com/symfony/console.git",
                "reference": "d4875ff77dca3f5c6309e2f3f79ce17918ba3cc0"
            },
            "dist": {
                "type": "zip",
                "url": "https://api.github.com/repos/symfony/console/zipball/d4875ff77dca3f5c6309e2f3f79ce17918ba3cc0",
                "reference": "d4875ff77dca3f5c6309e2f3f79ce17918ba3cc0",
                "shasum": ""
            },
            "require": {
                "php": ">=5.5.9",
                "symfony/debug": "~2.8|~3.0",
                "symfony/polyfill-mbstring": "~1.0"
            },
            "require-dev": {
                "psr/log": "~1.0",
                "symfony/event-dispatcher": "~2.8|~3.0",
                "symfony/filesystem": "~2.8|~3.0",
                "symfony/process": "~2.8|~3.0"
            },
            "suggest": {
                "psr/log": "For using the console logger",
                "symfony/event-dispatcher": "",
                "symfony/filesystem": "",
                "symfony/process": ""
            },
            "type": "library",
            "extra": {
                "branch-alias": {
                    "dev-master": "3.2-dev"
                }
            },
            "autoload": {
                "psr-4": {
                    "Symfony\\Component\\Console\\": ""
                },
                "exclude-from-classmap": [
                    "/Tests/"
                ]
            },
            "notification-url": "https://packagist.org/downloads/",
            "license": [
                "MIT"
            ],
            "authors": [
                {
                    "name": "Fabien Potencier",
                    "email": "fabien@symfony.com"
                },
                {
                    "name": "Symfony Community",
                    "homepage": "https://symfony.com/contributors"
                }
            ],
            "description": "Symfony Console Component",
            "homepage": "https://symfony.com",
            "time": "2016-10-27 15:03:48"
        },
        {
            "name": "symfony/debug",
            "version": "dev-master",
            "source": {
                "type": "git",
                "url": "https://github.com/symfony/debug.git",
                "reference": "e6688db8d93472b5fce48b05fadf566a2520da5e"
            },
            "dist": {
                "type": "zip",
                "url": "https://api.github.com/repos/symfony/debug/zipball/e6688db8d93472b5fce48b05fadf566a2520da5e",
                "reference": "e6688db8d93472b5fce48b05fadf566a2520da5e",
                "shasum": ""
            },
            "require": {
                "php": ">=5.5.9",
                "psr/log": "~1.0"
            },
            "conflict": {
                "symfony/http-kernel": ">=2.3,<2.3.24|~2.4.0|>=2.5,<2.5.9|>=2.6,<2.6.2"
            },
            "require-dev": {
                "symfony/class-loader": "~2.8|~3.0",
                "symfony/http-kernel": "~2.8|~3.0"
            },
            "type": "library",
            "extra": {
                "branch-alias": {
                    "dev-master": "3.2-dev"
                }
            },
            "autoload": {
                "psr-4": {
                    "Symfony\\Component\\Debug\\": ""
                },
                "exclude-from-classmap": [
                    "/Tests/"
                ]
            },
            "notification-url": "https://packagist.org/downloads/",
            "license": [
                "MIT"
            ],
            "authors": [
                {
                    "name": "Fabien Potencier",
                    "email": "fabien@symfony.com"
                },
                {
                    "name": "Symfony Community",
                    "homepage": "https://symfony.com/contributors"
                }
            ],
            "description": "Symfony Debug Component",
            "homepage": "https://symfony.com",
            "time": "2016-10-25 13:27:26"
        },
        {
            "name": "symfony/http-foundation",
            "version": "dev-master",
            "source": {
                "type": "git",
                "url": "https://github.com/symfony/http-foundation.git",
                "reference": "1457a889ff1ba1531853cddb3244539c81921efe"
            },
            "dist": {
                "type": "zip",
                "url": "https://api.github.com/repos/symfony/http-foundation/zipball/1457a889ff1ba1531853cddb3244539c81921efe",
                "reference": "1457a889ff1ba1531853cddb3244539c81921efe",
                "shasum": ""
            },
            "require": {
                "php": ">=5.5.9",
                "symfony/polyfill-mbstring": "~1.1"
            },
            "require-dev": {
                "symfony/expression-language": "~2.8|~3.0"
            },
            "type": "library",
            "extra": {
                "branch-alias": {
                    "dev-master": "3.2-dev"
                }
            },
            "autoload": {
                "psr-4": {
                    "Symfony\\Component\\HttpFoundation\\": ""
                },
                "exclude-from-classmap": [
                    "/Tests/"
                ]
            },
            "notification-url": "https://packagist.org/downloads/",
            "license": [
                "MIT"
            ],
            "authors": [
                {
                    "name": "Fabien Potencier",
                    "email": "fabien@symfony.com"
                },
                {
                    "name": "Symfony Community",
                    "homepage": "https://symfony.com/contributors"
                }
            ],
            "description": "Symfony HttpFoundation Component",
            "homepage": "https://symfony.com",
            "time": "2016-10-24 15:52:51"
        },
        {
            "name": "symfony/polyfill-mbstring",
            "version": "dev-master",
            "source": {
                "type": "git",
                "url": "https://github.com/symfony/polyfill-mbstring.git",
                "reference": "53ad9faffe141fbe8f98cd6a7fd9a5e84513f56c"
            },
            "dist": {
                "type": "zip",
                "url": "https://api.github.com/repos/symfony/polyfill-mbstring/zipball/53ad9faffe141fbe8f98cd6a7fd9a5e84513f56c",
                "reference": "53ad9faffe141fbe8f98cd6a7fd9a5e84513f56c",
                "shasum": ""
            },
            "require": {
                "php": ">=5.3.3"
            },
            "suggest": {
                "ext-mbstring": "For best performance"
            },
            "type": "library",
            "extra": {
                "branch-alias": {
                    "dev-master": "1.2-dev"
                }
            },
            "autoload": {
                "psr-4": {
                    "Symfony\\Polyfill\\Mbstring\\": ""
                },
                "files": [
                    "bootstrap.php"
                ]
            },
            "notification-url": "https://packagist.org/downloads/",
            "license": [
                "MIT"
            ],
            "authors": [
                {
                    "name": "Nicolas Grekas",
                    "email": "p@tchwork.com"
                },
                {
                    "name": "Symfony Community",
                    "homepage": "https://symfony.com/contributors"
                }
            ],
            "description": "Symfony polyfill for the Mbstring extension",
            "homepage": "https://symfony.com",
            "keywords": [
                "compatibility",
                "mbstring",
                "polyfill",
                "portable",
                "shim"
            ],
            "time": "2016-08-30 17:06:17"
        }
    ],
    "packages-dev": [],
    "aliases": [],
    "minimum-stability": "dev",
    "stability-flags": {
        "slaxweb/bootstrap": 20,
        "slaxweb/slaxer": 20
    },
    "prefer-stable": false,
    "prefer-lowest": false,
    "platform": {
        "php": ">=7.0.0"
    },
    "platform-dev": []
}
