{
    "_readme": [
        "This file locks the dependencies of your project to a known state",
        "Read more about it at https://getcomposer.org/doc/01-basic-usage.md#composer-lock-the-lock-file",
        "This file is @generated automatically"
    ],
    "hash": "60543471bf16a7e812686ab4fdad6c44",
    "content-hash": "5eb45e873601fe87e16a40ade7e216ae",
    "packages": [
        {
            "name": "guzzlehttp/guzzle",
            "version": "dev-master",
            "source": {
                "type": "git",
                "url": "https://github.com/guzzle/guzzle.git",
                "reference": "85cb758d7367f3aaaa8ffc9269e777919c5f68bb"
            },
            "dist": {
                "type": "zip",
                "url": "https://api.github.com/repos/guzzle/guzzle/zipball/85cb758d7367f3aaaa8ffc9269e777919c5f68bb",
                "reference": "85cb758d7367f3aaaa8ffc9269e777919c5f68bb",
                "shasum": ""
            },
            "require": {
                "guzzlehttp/promises": "~1.0",
                "guzzlehttp/psr7": "~1.1",
                "php": ">=5.5.0"
            },
            "require-dev": {
                "ext-curl": "*",
                "phpunit/phpunit": "~4.0",
                "psr/log": "~1.0"
            },
            "type": "library",
            "extra": {
                "branch-alias": {
                    "dev-master": "6.2-dev"
                }
            },
            "autoload": {
                "files": [
                    "src/functions_include.php"
                ],
                "psr-4": {
                    "GuzzleHttp\\": "src/"
                }
            },
            "notification-url": "https://packagist.org/downloads/",
            "license": [
                "MIT"
            ],
            "authors": [
                {
                    "name": "Michael Dowling",
                    "email": "mtdowling@gmail.com",
                    "homepage": "https://github.com/mtdowling"
                }
            ],
            "description": "Guzzle is a PHP HTTP client library",
            "homepage": "http://guzzlephp.org/",
            "keywords": [
                "client",
                "curl",
                "framework",
                "http",
                "http client",
                "rest",
                "web service"
            ],
            "time": "2016-04-06 17:59:33"
        },
        {
            "name": "guzzlehttp/promises",
            "version": "1.1.0",
            "source": {
                "type": "git",
                "url": "https://github.com/guzzle/promises.git",
                "reference": "bb9024c526b22f3fe6ae55a561fd70653d470aa8"
            },
            "dist": {
                "type": "zip",
                "url": "https://api.github.com/repos/guzzle/promises/zipball/bb9024c526b22f3fe6ae55a561fd70653d470aa8",
                "reference": "bb9024c526b22f3fe6ae55a561fd70653d470aa8",
                "shasum": ""
            },
            "require": {
                "php": ">=5.5.0"
            },
            "require-dev": {
                "phpunit/phpunit": "~4.0"
            },
            "type": "library",
            "extra": {
                "branch-alias": {
                    "dev-master": "1.0-dev"
                }
            },
            "autoload": {
                "psr-4": {
                    "GuzzleHttp\\Promise\\": "src/"
                },
                "files": [
                    "src/functions_include.php"
                ]
            },
            "notification-url": "https://packagist.org/downloads/",
            "license": [
                "MIT"
            ],
            "authors": [
                {
                    "name": "Michael Dowling",
                    "email": "mtdowling@gmail.com",
                    "homepage": "https://github.com/mtdowling"
                }
            ],
            "description": "Guzzle promises library",
            "keywords": [
                "promise"
            ],
            "time": "2016-03-08 01:15:46"
        },
        {
            "name": "guzzlehttp/psr7",
            "version": "1.2.3",
            "source": {
                "type": "git",
                "url": "https://github.com/guzzle/psr7.git",
                "reference": "2e89629ff057ebb49492ba08e6995d3a6a80021b"
            },
            "dist": {
                "type": "zip",
                "url": "https://api.github.com/repos/guzzle/psr7/zipball/2e89629ff057ebb49492ba08e6995d3a6a80021b",
                "reference": "2e89629ff057ebb49492ba08e6995d3a6a80021b",
                "shasum": ""
            },
            "require": {
                "php": ">=5.4.0",
                "psr/http-message": "~1.0"
            },
            "provide": {
                "psr/http-message-implementation": "1.0"
            },
            "require-dev": {
                "phpunit/phpunit": "~4.0"
            },
            "type": "library",
            "extra": {
                "branch-alias": {
                    "dev-master": "1.0-dev"
                }
            },
            "autoload": {
                "psr-4": {
                    "GuzzleHttp\\Psr7\\": "src/"
                },
                "files": [
                    "src/functions_include.php"
                ]
            },
            "notification-url": "https://packagist.org/downloads/",
            "license": [
                "MIT"
            ],
            "authors": [
                {
                    "name": "Michael Dowling",
                    "email": "mtdowling@gmail.com",
                    "homepage": "https://github.com/mtdowling"
                }
            ],
            "description": "PSR-7 message implementation",
            "keywords": [
                "http",
                "message",
                "stream",
                "uri"
            ],
            "time": "2016-02-18 21:54:00"
        },
        {
            "name": "monolog/monolog",
            "version": "1.x-dev",
            "source": {
                "type": "git",
                "url": "https://github.com/Seldaek/monolog.git",
                "reference": "064b38c16790249488e7a8b987acf1c9d7383c09"
            },
            "dist": {
                "type": "zip",
                "url": "https://api.github.com/repos/Seldaek/monolog/zipball/064b38c16790249488e7a8b987acf1c9d7383c09",
                "reference": "064b38c16790249488e7a8b987acf1c9d7383c09",
                "shasum": ""
            },
            "require": {
                "php": ">=5.3.0",
                "psr/log": "~1.0"
            },
            "provide": {
                "psr/log-implementation": "1.0.0"
            },
            "require-dev": {
                "aws/aws-sdk-php": "^2.4.9",
                "doctrine/couchdb": "~1.0@dev",
                "graylog2/gelf-php": "~1.0",
                "jakub-onderka/php-parallel-lint": "0.9",
                "php-amqplib/php-amqplib": "~2.4",
                "php-console/php-console": "^3.1.3",
                "phpunit/phpunit": "~4.5",
                "phpunit/phpunit-mock-objects": "2.3.0",
                "raven/raven": "^0.13",
                "ruflin/elastica": ">=0.90 <3.0",
                "swiftmailer/swiftmailer": "~5.3"
            },
            "suggest": {
                "aws/aws-sdk-php": "Allow sending log messages to AWS services like DynamoDB",
                "doctrine/couchdb": "Allow sending log messages to a CouchDB server",
                "ext-amqp": "Allow sending log messages to an AMQP server (1.0+ required)",
                "ext-mongo": "Allow sending log messages to a MongoDB server",
                "graylog2/gelf-php": "Allow sending log messages to a GrayLog2 server",
                "mongodb/mongodb": "Allow sending log messages to a MongoDB server via PHP Driver",
                "php-amqplib/php-amqplib": "Allow sending log messages to an AMQP server using php-amqplib",
                "php-console/php-console": "Allow sending log messages to Google Chrome",
                "raven/raven": "Allow sending log messages to a Sentry server",
                "rollbar/rollbar": "Allow sending log messages to Rollbar",
                "ruflin/elastica": "Allow sending log messages to an Elastic Search server"
            },
            "type": "library",
            "extra": {
                "branch-alias": {
                    "dev-master": "2.0.x-dev"
                }
            },
            "autoload": {
                "psr-4": {
                    "Monolog\\": "src/Monolog"
                }
            },
            "notification-url": "https://packagist.org/downloads/",
            "license": [
                "MIT"
            ],
            "authors": [
                {
                    "name": "Jordi Boggiano",
                    "email": "j.boggiano@seld.be",
                    "homepage": "http://seld.be"
                }
            ],
            "description": "Sends your logs to files, sockets, inboxes, databases and various web services",
            "homepage": "http://github.com/Seldaek/monolog",
            "keywords": [
                "log",
                "logging",
                "psr-3"
            ],
            "time": "2016-04-02 13:12:58"
        },
        {
            "name": "pimple/pimple",
            "version": "v3.0.2",
            "source": {
                "type": "git",
                "url": "https://github.com/silexphp/Pimple.git",
                "reference": "a30f7d6e57565a2e1a316e1baf2a483f788b258a"
            },
            "dist": {
                "type": "zip",
                "url": "https://api.github.com/repos/silexphp/Pimple/zipball/a30f7d6e57565a2e1a316e1baf2a483f788b258a",
                "reference": "a30f7d6e57565a2e1a316e1baf2a483f788b258a",
                "shasum": ""
            },
            "require": {
                "php": ">=5.3.0"
            },
            "type": "library",
            "extra": {
                "branch-alias": {
                    "dev-master": "3.0.x-dev"
                }
            },
            "autoload": {
                "psr-0": {
                    "Pimple": "src/"
                }
            },
            "notification-url": "https://packagist.org/downloads/",
            "license": [
                "MIT"
            ],
            "authors": [
                {
                    "name": "Fabien Potencier",
                    "email": "fabien@symfony.com"
                }
            ],
            "description": "Pimple, a simple Dependency Injection Container",
            "homepage": "http://pimple.sensiolabs.org",
            "keywords": [
                "container",
                "dependency injection"
            ],
            "time": "2015-09-11 15:10:35"
        },
        {
            "name": "psr/http-message",
            "version": "dev-master",
            "source": {
                "type": "git",
                "url": "https://github.com/php-fig/http-message.git",
                "reference": "85d63699f0dbedb190bbd4b0d2b9dc707ea4c298"
            },
            "dist": {
                "type": "zip",
                "url": "https://api.github.com/repos/php-fig/http-message/zipball/85d63699f0dbedb190bbd4b0d2b9dc707ea4c298",
                "reference": "85d63699f0dbedb190bbd4b0d2b9dc707ea4c298",
                "shasum": ""
            },
            "require": {
                "php": ">=5.3.0"
            },
            "type": "library",
            "extra": {
                "branch-alias": {
                    "dev-master": "1.0.x-dev"
                }
            },
            "autoload": {
                "psr-4": {
                    "Psr\\Http\\Message\\": "src/"
                }
            },
            "notification-url": "https://packagist.org/downloads/",
            "license": [
                "MIT"
            ],
            "authors": [
                {
                    "name": "PHP-FIG",
                    "homepage": "http://www.php-fig.org/"
                }
            ],
            "description": "Common interface for HTTP messages",
            "keywords": [
                "http",
                "http-message",
                "psr",
                "psr-7",
                "request",
                "response"
            ],
            "time": "2015-05-04 20:22:00"
        },
        {
            "name": "psr/log",
            "version": "dev-master",
            "source": {
                "type": "git",
                "url": "https://github.com/php-fig/log.git",
                "reference": "d8e60a5619fff77f9669da8997697443ef1a1d7e"
            },
            "dist": {
                "type": "zip",
                "url": "https://api.github.com/repos/php-fig/log/zipball/d8e60a5619fff77f9669da8997697443ef1a1d7e",
                "reference": "d8e60a5619fff77f9669da8997697443ef1a1d7e",
                "shasum": ""
            },
            "require": {
                "php": ">=5.3.0"
            },
            "type": "library",
            "extra": {
                "branch-alias": {
                    "dev-master": "1.0.x-dev"
                }
            },
            "autoload": {
                "psr-4": {
                    "Psr\\Log\\": "Psr/Log/"
                }
            },
            "notification-url": "https://packagist.org/downloads/",
            "license": [
                "MIT"
            ],
            "authors": [
                {
                    "name": "PHP-FIG",
                    "homepage": "http://www.php-fig.org/"
                }
            ],
            "description": "Common interface for logging libraries",
            "homepage": "https://github.com/php-fig/log",
            "keywords": [
                "log",
                "psr",
                "psr-3"
            ],
            "time": "2016-01-06 21:40:42"
        },
        {
            "name": "slaxweb/bootstrap",
            "version": "dev-develop",
            "source": {
                "type": "git",
                "url": "https://github.com/SlaxWeb/Bootstrap.git",
                "reference": "cbcca05eb1f5e67d47212fe747acf112d6bb25aa"
            },
            "dist": {
                "type": "zip",
                "url": "https://api.github.com/repos/SlaxWeb/Bootstrap/zipball/cbcca05eb1f5e67d47212fe747acf112d6bb25aa",
                "reference": "cbcca05eb1f5e67d47212fe747acf112d6bb25aa",
                "shasum": ""
            },
            "require": {
                "php": ">=7.0.0",
                "pimple/pimple": "3.0.2",
                "slaxweb/config": "0.2.*@dev",
                "slaxweb/hooks": "0.5.*@dev",
                "slaxweb/logger": "0.3.*@dev",
                "slaxweb/router": "0.4.*@dev"
            },
            "require-dev": {
                "behat/gherkin": "~4.4",
                "codeception/codeception": "dev-master",
                "codeception/specify": "*"
            },
            "type": "library",
            "extra": {
                "branch-alias": {
                    "dev-develop": "0.4.x-dev"
                }
            },
            "autoload": {
                "psr-4": {
                    "SlaxWeb\\Bootstrap\\": "src",
                    "SlaxWeb\\Bootstrap\\Tests\\Unit\\": "tests/unit",
                    "SlaxWeb\\Bootstrap\\Tests\\Helper\\": "tests/_support/Helper"
                }
            },
            "notification-url": "https://packagist.org/downloads/",
            "license": [
                "MIT"
            ],
            "authors": [
                {
                    "name": "Tomaz Lovrec",
                    "email": "tomaz.lovrec@gmail.com"
                }
            ],
            "description": "Bootstrap for SlaxWeb Framework",
            "time": "2016-04-06 14:33:16"
        },
        {
            "name": "slaxweb/config",
            "version": "dev-develop",
            "source": {
                "type": "git",
                "url": "https://github.com/SlaxWeb/Config.git",
                "reference": "b52cadab58863c5bf3a9e3eed6fb6ceefe28ea9f"
            },
            "dist": {
                "type": "zip",
                "url": "https://api.github.com/repos/SlaxWeb/Config/zipball/b52cadab58863c5bf3a9e3eed6fb6ceefe28ea9f",
                "reference": "b52cadab58863c5bf3a9e3eed6fb6ceefe28ea9f",
                "shasum": ""
            },
            "require": {
                "php": ">=7.0.0"
            },
            "require-dev": {
                "behat/gherkin": "~4.4",
                "codeception/codeception": "dev-master",
                "desperado/xml-bundle": "~0.1"
            },
            "suggest": {
                "desperado/xml-bundle": "If you would like to use XML config files, you have to install desperado/xml-bundle package, version 0.1.x",
                "pimple/pimple": "Make use of available providers for Pimple version 3.0.x",
                "symfony/yaml": "If you would like to use YAML config files, you have to install symfony/yaml package, version 3.0.x"
            },
            "type": "library",
            "extra": {
                "branch-alias": {
                    "dev-develop": "0.2.x-dev"
                }
            },
            "autoload": {
                "psr-4": {
                    "SlaxWeb\\Config\\": "src/"
                }
            },
            "notification-url": "https://packagist.org/downloads/",
            "license": [
                "MIT"
            ],
            "authors": [
                {
                    "name": "Tomaz Lovrec",
                    "email": "tomaz.lovrec@gmail.com"
                }
            ],
            "description": "Config component for the SlaxWeb Framework",
            "time": "2016-04-07 07:01:12"
        },
        {
            "name": "slaxweb/exception",
            "version": "dev-develop",
            "source": {
                "type": "git",
                "url": "https://github.com/SlaxWeb/Exception.git",
                "reference": "1175a665203cd1a30a63d3c120c2ca0136d6277c"
            },
            "dist": {
                "type": "zip",
                "url": "https://api.github.com/repos/SlaxWeb/Exception/zipball/1175a665203cd1a30a63d3c120c2ca0136d6277c",
                "reference": "1175a665203cd1a30a63d3c120c2ca0136d6277c",
                "shasum": ""
            },
            "require": {
                "php": ">=7.0.0"
            },
            "suggest": {
                "pimple/pimple": "Make use of available providers for Pimple version 3.0.x"
            },
            "type": "library",
            "extra": {
                "branch-alias": {
                    "dev-develop": "0.1.x-dev"
                }
            },
            "autoload": {
                "psr-4": {
                    "SlaxWeb\\Exception\\": "src/"
                }
            },
            "notification-url": "https://packagist.org/downloads/",
            "license": [
                "MIT"
            ],
            "authors": [
                {
                    "name": "Tomaz Lovrec",
                    "email": "tomaz.lovrec@gmail.com"
                }
            ],
            "description": "Exception collection for SlaxWeb Framework",
            "time": "2016-03-26 12:11:01"
        },
        {
            "name": "slaxweb/getset",
            "version": "dev-develop",
            "source": {
                "type": "git",
                "url": "https://github.com/SlaxWeb/GetSet.git",
                "reference": "84b7671280c41dd2e0951e744f3176c13fb6c3c0"
            },
            "dist": {
                "type": "zip",
                "url": "https://api.github.com/repos/SlaxWeb/GetSet/zipball/84b7671280c41dd2e0951e744f3176c13fb6c3c0",
                "reference": "84b7671280c41dd2e0951e744f3176c13fb6c3c0",
                "shasum": ""
            },
            "require": {
                "php": ">=7.0.0",
                "slaxweb/exception": "0.1.*@dev"
            },
            "type": "library",
            "extra": {
                "branch-alias": {
                    "dev-develop": "0.1.x-dev"
                }
            },
            "autoload": {
                "psr-4": {
                    "SlaxWeb\\GetSet\\": "src/"
                }
            },
            "notification-url": "https://packagist.org/downloads/",
            "license": [
                "MIT"
            ],
            "authors": [
                {
                    "name": "Tomaz Lovrec",
                    "email": "tomaz.lovrec@gmail.com"
                }
            ],
            "description": "Getter and Setter traits for SlaxWeb Framework",
            "time": "2016-03-28 09:34:00"
        },
        {
            "name": "slaxweb/hooks",
            "version": "dev-develop",
            "source": {
                "type": "git",
                "url": "https://github.com/SlaxWeb/Hooks.git",
                "reference": "a03219ce7cbf3e8323bf11fb9b7f832bf8f55836"
            },
            "dist": {
                "type": "zip",
                "url": "https://api.github.com/repos/SlaxWeb/Hooks/zipball/a03219ce7cbf3e8323bf11fb9b7f832bf8f55836",
                "reference": "a03219ce7cbf3e8323bf11fb9b7f832bf8f55836",
                "shasum": ""
            },
            "require": {
                "php": ">=7.0.0",
                "slaxweb/getset": "0.1.*@dev",
                "slaxweb/logger": "~0.2"
            },
            "require-dev": {
                "behat/gherkin": "~4.4",
                "codeception/codeception": "dev-master"
            },
            "suggest": {
                "pimple/pimple": "Make use of available providers for Pimple version 3.0.x"
            },
            "type": "library",
            "extra": {
                "branch-alias": {
                    "dev-develop": "0.5.x-dev"
                }
            },
            "autoload": {
                "psr-4": {
                    "SlaxWeb\\Hooks\\": "src/",
                    "SlaxWeb\\Hooks\\Tests\\Unit\\": "tests/unit/"
                }
            },
            "notification-url": "https://packagist.org/downloads/",
            "license": [
                "MIT"
            ],
            "authors": [
                {
                    "name": "Tomaz Lovrec",
                    "email": "tomaz.lovrec@gmail.com"
                }
            ],
            "description": "Hooks library for SlaxWeb Framework",
            "time": "2016-03-31 15:35:27"
        },
        {
            "name": "slaxweb/logger",
            "version": "dev-develop",
            "source": {
                "type": "git",
                "url": "https://github.com/SlaxWeb/Logger.git",
                "reference": "1fcd06f677163c65f126bc1310ce5483d8173733"
            },
            "dist": {
                "type": "zip",
                "url": "https://api.github.com/repos/SlaxWeb/Logger/zipball/1fcd06f677163c65f126bc1310ce5483d8173733",
                "reference": "1fcd06f677163c65f126bc1310ce5483d8173733",
                "shasum": ""
            },
            "require": {
                "monolog/monolog": "~1.17",
                "php": ">=7.0.0"
            },
            "suggest": {
                "pimple/pimple": "Make use of available providers for Pimple version 3.0.x",
                "slaxweb/config": "If you want to use the Factory or the Service Provider,  Config@0.2.x component is required."
            },
            "type": "library",
            "extra": {
                "branch-alias": {
                    "dev-develop": "0.3.x-dev"
                }
            },
            "autoload": {
                "psr-4": {
                    "SlaxWeb\\Logger\\": "src/"
                }
            },
            "notification-url": "https://packagist.org/downloads/",
            "license": [
                "MIT"
            ],
            "authors": [
                {
                    "name": "Tomaz Lovrec",
                    "email": "tomaz.lovrec@gmail.com"
                }
            ],
            "description": "Logger component for SlaxWeb Framework",
            "time": "2016-03-30 14:17:30"
        },
        {
            "name": "slaxweb/router",
            "version": "dev-develop",
            "source": {
                "type": "git",
                "url": "https://github.com/SlaxWeb/Router.git",
                "reference": "09615400835c0d7f1e037149001d7631f561a3aa"
            },
            "dist": {
                "type": "zip",
                "url": "https://api.github.com/repos/SlaxWeb/Router/zipball/09615400835c0d7f1e037149001d7631f561a3aa",
                "reference": "09615400835c0d7f1e037149001d7631f561a3aa",
                "shasum": ""
            },
            "require": {
                "php": ">=7.0.0",
                "slaxweb/config": "0.2.*@dev",
                "slaxweb/getset": "0.1.*@dev",
                "slaxweb/hooks": "0.5.*@dev",
                "slaxweb/logger": "0.3.*@dev",
                "symfony/http-foundation": "~3.0"
            },
            "require-dev": {
                "behat/gherkin": "~4.4",
                "codeception/codeception": "dev-master",
                "codeception/specify": "*"
            },
            "suggest": {
                "pimple/pimple": "Make use of available providers for Pimple version 3.0.x"
            },
            "type": "library",
            "extra": {
                "branch-alias": {
                    "dev-develop": "0.4.x-dev"
                }
            },
            "autoload": {
                "psr-4": {
                    "SlaxWeb\\Router\\": "src/",
                    "SlaxWeb\\Router\\Tests\\Unit\\": "tests/unit/"
                }
            },
            "notification-url": "https://packagist.org/downloads/",
            "license": [
                "MIT"
            ],
            "authors": [
                {
                    "name": "Tomaz Lovrec",
                    "email": "tomaz.lovrec@gmail.com"
                }
            ],
            "description": "Router component for the SlaxWeb/Framework",
            "time": "2016-04-08 10:00:11"
        },
        {
            "name": "slaxweb/slaxer",
            "version": "dev-develop",
            "source": {
                "type": "git",
                "url": "https://github.com/SlaxWeb/Slaxer.git",
                "reference": "e97428e530a90c4066760804d18a43e361dff25f"
            },
            "dist": {
                "type": "zip",
                "url": "https://api.github.com/repos/SlaxWeb/Slaxer/zipball/e97428e530a90c4066760804d18a43e361dff25f",
                "reference": "e97428e530a90c4066760804d18a43e361dff25f",
                "shasum": ""
            },
            "require": {
                "ext-curl": "*",
                "guzzlehttp/guzzle": "~6.2",
                "php": ">=7.0.0",
                "symfony/console": "~3.0"
            },
            "suggest": {
                "pimple/pimple": "Make use of available providers for Pimple version 3.0.x"
            },
            "type": "library",
            "extra": {
                "branch-alias": {
                    "dev-develop": "0.1.x-dev"
                }
            },
            "autoload": {
                "psr-4": {
                    "SlaxWeb\\Slaxer\\": "src/"
                }
            },
            "notification-url": "https://packagist.org/downloads/",
            "license": [
                "MIT"
            ],
            "authors": [
                {
                    "name": "Tomaz Lovrec",
                    "email": "tomaz.lovrec@gmail.com"
                }
            ],
            "description": "Slaxer Command Line Tool for SlaxWeb Framework",
            "time": "2016-04-08 09:24:16"
        },
        {
            "name": "symfony/console",
            "version": "dev-master",
            "source": {
                "type": "git",
                "url": "https://github.com/symfony/console.git",
                "reference": "902185ebdfbd09b01974cb1f3cb65c64e6c701d1"
            },
            "dist": {
                "type": "zip",
                "url": "https://api.github.com/repos/symfony/console/zipball/902185ebdfbd09b01974cb1f3cb65c64e6c701d1",
                "reference": "902185ebdfbd09b01974cb1f3cb65c64e6c701d1",
                "shasum": ""
            },
            "require": {
                "php": ">=5.5.9",
                "symfony/polyfill-mbstring": "~1.0"
            },
            "require-dev": {
                "psr/log": "~1.0",
                "symfony/event-dispatcher": "~2.8|~3.0",
                "symfony/process": "~2.8|~3.0"
            },
            "suggest": {
                "psr/log": "For using the console logger",
                "symfony/event-dispatcher": "",
                "symfony/process": ""
            },
            "type": "library",
            "extra": {
                "branch-alias": {
                    "dev-master": "3.1-dev"
                }
            },
            "autoload": {
                "psr-4": {
                    "Symfony\\Component\\Console\\": ""
                },
                "exclude-from-classmap": [
                    "/Tests/"
                ]
            },
            "notification-url": "https://packagist.org/downloads/",
            "license": [
                "MIT"
            ],
            "authors": [
                {
                    "name": "Fabien Potencier",
                    "email": "fabien@symfony.com"
                },
                {
                    "name": "Symfony Community",
                    "homepage": "https://symfony.com/contributors"
                }
            ],
            "description": "Symfony Console Component",
            "homepage": "https://symfony.com",
            "time": "2016-03-16 17:16:29"
        },
        {
            "name": "symfony/http-foundation",
            "version": "dev-master",
            "source": {
                "type": "git",
                "url": "https://github.com/symfony/http-foundation.git",
                "reference": "d55e325bbb40117d879c3285886d3711a4f4f623"
            },
            "dist": {
                "type": "zip",
                "url": "https://api.github.com/repos/symfony/http-foundation/zipball/d55e325bbb40117d879c3285886d3711a4f4f623",
                "reference": "d55e325bbb40117d879c3285886d3711a4f4f623",
                "shasum": ""
            },
            "require": {
                "php": ">=5.5.9",
                "symfony/polyfill-mbstring": "~1.1"
            },
            "require-dev": {
                "symfony/expression-language": "~2.8|~3.0"
            },
            "type": "library",
            "extra": {
                "branch-alias": {
                    "dev-master": "3.1-dev"
                }
            },
            "autoload": {
                "psr-4": {
                    "Symfony\\Component\\HttpFoundation\\": ""
                },
                "exclude-from-classmap": [
                    "/Tests/"
                ]
            },
            "notification-url": "https://packagist.org/downloads/",
            "license": [
                "MIT"
            ],
            "authors": [
                {
                    "name": "Fabien Potencier",
                    "email": "fabien@symfony.com"
                },
                {
                    "name": "Symfony Community",
                    "homepage": "https://symfony.com/contributors"
                }
            ],
            "description": "Symfony HttpFoundation Component",
            "homepage": "https://symfony.com",
            "time": "2016-04-02 08:08:03"
        },
        {
            "name": "symfony/polyfill-mbstring",
            "version": "dev-master",
            "source": {
                "type": "git",
                "url": "https://github.com/symfony/polyfill-mbstring.git",
                "reference": "1289d16209491b584839022f29257ad859b8532d"
            },
            "dist": {
                "type": "zip",
                "url": "https://api.github.com/repos/symfony/polyfill-mbstring/zipball/1289d16209491b584839022f29257ad859b8532d",
                "reference": "1289d16209491b584839022f29257ad859b8532d",
                "shasum": ""
            },
            "require": {
                "php": ">=5.3.3"
            },
            "suggest": {
                "ext-mbstring": "For best performance"
            },
            "type": "library",
            "extra": {
                "branch-alias": {
                    "dev-master": "1.1-dev"
                }
            },
            "autoload": {
                "psr-4": {
                    "Symfony\\Polyfill\\Mbstring\\": ""
                },
                "files": [
                    "bootstrap.php"
                ]
            },
            "notification-url": "https://packagist.org/downloads/",
            "license": [
                "MIT"
            ],
            "authors": [
                {
                    "name": "Nicolas Grekas",
                    "email": "p@tchwork.com"
                },
                {
                    "name": "Symfony Community",
                    "homepage": "https://symfony.com/contributors"
                }
            ],
            "description": "Symfony polyfill for the Mbstring extension",
            "homepage": "https://symfony.com",
            "keywords": [
                "compatibility",
                "mbstring",
                "polyfill",
                "portable",
                "shim"
            ],
            "time": "2016-01-20 09:13:37"
        }
    ],
    "packages-dev": [],
    "aliases": [],
    "minimum-stability": "dev",
    "stability-flags": {
        "slaxweb/bootstrap": 20,
        "slaxweb/slaxer": 20
    },
    "prefer-stable": false,
    "prefer-lowest": false,
    "platform": {
        "php": ">=7.0.0"
    },
    "platform-dev": []
}
